
Microsoft Visual Studio Solution File, Format Version 12.00
# Visual Studio Version 17
VisualStudioVersion = 17.8.34004.107
MinimumVisualStudioVersion = 10.0.40219.1
Project("{9A19103F-16F7-4668-BE54-9A1E7A4F7556}") = "EddBotFunctions", "EddBotFunctions\EddBotFunctions.csproj", "{03B26FB1-DAA7-4289-B7D5-3313D3E6DC70}"
EndProject
Project("{9A19103F-16F7-4668-BE54-9A1E7A4F7556}") = "EddBotFunctions.Test", "EddBotFunctions.Test\EddBotFunctions.Test.csproj", "{3A997043-3C21-47A5-B9FE-D3F30900225B}"
EndProject
Global
	GlobalSection(SolutionConfigurationPlatforms) = preSolution
		Debug|Any CPU = Debug|Any CPU
		Release|Any CPU = Release|Any CPU
	EndGlobalSection
	GlobalSection(ProjectConfigurationPlatforms) = postSolution
		{03B26FB1-DAA7-4289-B7D5-3313D3E6DC70}.Debug|Any CPU.ActiveCfg = Debug|Any CPU
		{03B26FB1-DAA7-4289-B7D5-3313D3E6DC70}.Debug|Any CPU.Build.0 = Debug|Any CPU
		{03B26FB1-DAA7-4289-B7D5-3313D3E6DC70}.Release|Any CPU.ActiveCfg = Release|Any CPU
		{03B26FB1-DAA7-4289-B7D5-3313D3E6DC70}.Release|Any CPU.Build.0 = Release|Any CPU
		{3A997043-3C21-47A5-B9FE-D3F30900225B}.Debug|Any CPU.ActiveCfg = Debug|Any CPU
		{3A997043-3C21-47A5-B9FE-D3F30900225B}.Debug|Any CPU.Build.0 = Debug|Any CPU
		{3A997043-3C21-47A5-B9FE-D3F30900225B}.Release|Any CPU.ActiveCfg = Release|Any CPU
		{3A997043-3C21-47A5-B9FE-D3F30900225B}.Release|Any CPU.Build.0 = Release|Any CPU
	EndGlobalSection
	GlobalSection(SolutionProperties) = preSolution
		HideSolutionNode = FALSE
	EndGlobalSection
	GlobalSection(ExtensibilityGlobals) = postSolution
		SolutionGuid = {5B9F12BA-763D-47C5-969F-B9614E5D404B}
	EndGlobalSection
EndGlobal
